{
  "name": "project-using-sample-library",
  "version": "1.0.0",
  "lockfileVersion": 1,
  "requires": true,
  "dependencies": {
    "sample-typescript-library": {
      "version": "file:../sample-typescript-library",
      "requires": {
        "@types/node": "^15.6.0"
      },
      "dependencies": {
        "@types/node": {
          "version": "15.6.0",
          "resolved": "https://registry.npmjs.org/@types/node/-/node-15.6.0.tgz",
          "integrity": "sha512-gCYSfQpy+LYhOFTKAeE8BkyGqaxmlFxe+n4DKM6DR0wzw/HISUE/hAmkC/KT8Sw5PCJblqg062b3z9gucv3k0A=="
        }
      }
    }
  }
}
